
Microsoft Visual Studio Solution File, Format Version 12.00
# Visual Studio Version 16
VisualStudioVersion = 16.0.31911.196
MinimumVisualStudioVersion = 10.0.40219.1
Project("{FAE04EC0-301F-11D3-BF4B-00C04F79EFBC}") = "pr11_chel", "pr11_chel\pr11_chel.csproj", "{531364C8-3670-499D-B32A-612EE874E53E}"
EndProject
Global
	GlobalSection(SolutionConfigurationPlatforms) = preSolution
		Debug|Any CPU = Debug|Any CPU
		Release|Any CPU = Release|Any CPU
	EndGlobalSection
	GlobalSection(ProjectConfigurationPlatforms) = postSolution
		{531364C8-3670-499D-B32A-612EE874E53E}.Debug|Any CPU.ActiveCfg = Debug|Any CPU
		{531364C8-3670-499D-B32A-612EE874E53E}.Debug|Any CPU.Build.0 = Debug|Any CPU
		{531364C8-3670-499D-B32A-612EE874E53E}.Release|Any CPU.ActiveCfg = Release|Any CPU
		{531364C8-3670-499D-B32A-612EE874E53E}.Release|Any CPU.Build.0 = Release|Any CPU
	EndGlobalSection
	GlobalSection(SolutionProperties) = preSolution
		HideSolutionNode = FALSE
	EndGlobalSection
	GlobalSection(ExtensibilityGlobals) = postSolution
		SolutionGuid = {5BE52CB7-AF02-4E60-B014-16E85F5DF609}
	EndGlobalSection
EndGlobal
